{
    "_meta": {
        "hash": {
            "sha256": "88a225568dbea1772272a7f9ed8bbb6c2137a80c3ec9fd502383ee9740c0abd2"
        },
        "host-environment-markers": {
            "implementation_name": "cpython",
            "implementation_version": "3.6.3",
            "os_name": "posix",
            "platform_machine": "x86_64",
            "platform_python_implementation": "CPython",
            "platform_release": "4.13.12-1-ARCH",
            "platform_system": "Linux",
            "platform_version": "#1 SMP PREEMPT Wed Nov 8 11:54:06 CET 2017",
            "python_full_version": "3.6.3",
            "python_version": "3.6",
            "sys_platform": "linux"
        },
        "pipfile-spec": 6,
        "requires": {},
        "sources": [
            {
                "name": "pypi",
                "url": "https://pypi.python.org/simple",
                "verify_ssl": true
            }
        ]
    },
    "default": {
        "docopt": {
            "hashes": [
                "sha256:49b3a825280bd66b3aa83585ef59c4a8c82f2c8a522dbe754a8bc8d08c85c491"
            ],
            "version": "==0.6.2"
        }
    },
    "develop": {}
}
